
Microsoft Visual Studio Solution File, Format Version 12.00
# Visual Studio Version 16
VisualStudioVersion = 16.0.30717.126
MinimumVisualStudioVersion = 10.0.40219.1
Project("{FAE04EC0-301F-11D3-BF4B-00C04F79EFBC}") = "NSBAttributeRouting.Sample", "NSBAttributeRouting.Sample.csproj", "{92130CE0-53EF-4626-B321-051B2190FCF5}"
EndProject
Project("{FAE04EC0-301F-11D3-BF4B-00C04F79EFBC}") = "NSBAttributeRouting.Sample.Messages", "..\NSBAttributeRouting.Sample.Messages\NSBAttributeRouting.Sample.Messages.csproj", "{E54B1A04-414A-42F4-9716-B55AB35535DF}"
EndProject
Global
	GlobalSection(SolutionConfigurationPlatforms) = preSolution
		Debug|Any CPU = Debug|Any CPU
		Release|Any CPU = Release|Any CPU
	EndGlobalSection
	GlobalSection(ProjectConfigurationPlatforms) = postSolution
		{92130CE0-53EF-4626-B321-051B2190FCF5}.Debug|Any CPU.ActiveCfg = Debug|Any CPU
		{92130CE0-53EF-4626-B321-051B2190FCF5}.Debug|Any CPU.Build.0 = Debug|Any CPU
		{92130CE0-53EF-4626-B321-051B2190FCF5}.Release|Any CPU.ActiveCfg = Release|Any CPU
		{92130CE0-53EF-4626-B321-051B2190FCF5}.Release|Any CPU.Build.0 = Release|Any CPU
		{E54B1A04-414A-42F4-9716-B55AB35535DF}.Debug|Any CPU.ActiveCfg = Debug|Any CPU
		{E54B1A04-414A-42F4-9716-B55AB35535DF}.Debug|Any CPU.Build.0 = Debug|Any CPU
		{E54B1A04-414A-42F4-9716-B55AB35535DF}.Release|Any CPU.ActiveCfg = Release|Any CPU
		{E54B1A04-414A-42F4-9716-B55AB35535DF}.Release|Any CPU.Build.0 = Release|Any CPU
	EndGlobalSection
	GlobalSection(SolutionProperties) = preSolution
		HideSolutionNode = FALSE
	EndGlobalSection
	GlobalSection(ExtensibilityGlobals) = postSolution
		SolutionGuid = {74E70C83-7AB8-4A0C-B4C3-4500194C3CD1}
	EndGlobalSection
EndGlobal
